// !$*UTF8*$!
{
	archiveVersion = 1;
	classes = {
	};
	objectVersion = 55;
	objects = {

/* Begin PBXBuildFile section */
		F7D58D50277B3A59001E3FFF /* AppDelegate.swift in Sources */ = {isa = PBXBuildFile; fileRef = F7D58D4F277B3A59001E3FFF /* AppDelegate.swift */; };
		F7D58D52277B3A59001E3FFF /* ViewController.swift in Sources */ = {isa = PBXBuildFile; fileRef = F7D58D51277B3A59001E3FFF /* ViewController.swift */; };
		F7D58D54277B3A5C001E3FFF /* Assets.xcassets in Resources */ = {isa = PBXBuildFile; fileRef = F7D58D53277B3A5C001E3FFF /* Assets.xcassets */; };
		F7D58D57277B3A5C001E3FFF /* Main.storyboard in Resources */ = {isa = PBXBuildFile; fileRef = F7D58D55277B3A5C001E3FFF /* Main.storyboard */; };
		F7D58D65277CA086001E3FFF /* AppDelegate.swift in Sources */ = {isa = PBXBuildFile; fileRef = F7D58D64277CA086001E3FFF /* AppDelegate.swift */; };
		F7D58D67277CA086001E3FFF /* ViewController.swift in Sources */ = {isa = PBXBuildFile; fileRef = F7D58D66277CA086001E3FFF /* ViewController.swift */; };
		F7D58D69277CA088001E3FFF /* Assets.xcassets in Resources */ = {isa = PBXBuildFile; fileRef = F7D58D68277CA088001E3FFF /* Assets.xcassets */; };
		F7D58D6C277CA088001E3FFF /* Main.storyboard in Resources */ = {isa = PBXBuildFile; fileRef = F7D58D6A277CA088001E3FFF /* Main.storyboard */; };
		F7ED6A8C278187ED008A3345 /* AppDelegate.swift in Sources */ = {isa = PBXBuildFile; fileRef = F7ED6A8B278187ED008A3345 /* AppDelegate.swift */; };
		F7ED6A8E278187ED008A3345 /* ViewController.swift in Sources */ = {isa = PBXBuildFile; fileRef = F7ED6A8D278187ED008A3345 /* ViewController.swift */; };
		F7ED6A90278187EE008A3345 /* Assets.xcassets in Resources */ = {isa = PBXBuildFile; fileRef = F7ED6A8F278187EE008A3345 /* Assets.xcassets */; };
		F7ED6A93278187EE008A3345 /* Main.storyboard in Resources */ = {isa = PBXBuildFile; fileRef = F7ED6A91278187EE008A3345 /* Main.storyboard */; };
		F7ED6A99278187FE008A3345 /* FlippedView.swift in Sources */ = {isa = PBXBuildFile; fileRef = F7ED6A98278187FE008A3345 /* FlippedView.swift */; };
/* End PBXBuildFile section */

/* Begin PBXFileReference section */
		F7D58D4C277B3A59001E3FFF /* macOSDemo.app */ = {isa = PBXFileReference; explicitFileType = wrapper.application; includeInIndex = 0; path = macOSDemo.app; sourceTree = BUILT_PRODUCTS_DIR; };
		F7D58D4F277B3A59001E3FFF /* AppDelegate.swift */ = {isa = PBXFileReference; lastKnownFileType = sourcecode.swift; path = AppDelegate.swift; sourceTree = "<group>"; };
		F7D58D51277B3A59001E3FFF /* ViewController.swift */ = {isa = PBXFileReference; lastKnownFileType = sourcecode.swift; path = ViewController.swift; sourceTree = "<group>"; };
		F7D58D53277B3A5C001E3FFF /* Assets.xcassets */ = {isa = PBXFileReference; lastKnownFileType = folder.assetcatalog; path = Assets.xcassets; sourceTree = "<group>"; };
		F7D58D56277B3A5C001E3FFF /* Base */ = {isa = PBXFileReference; lastKnownFileType = file.storyboard; name = Base; path = Base.lproj/Main.storyboard; sourceTree = "<group>"; };
		F7D58D58277B3A5C001E3FFF /* macOSDemo.entitlements */ = {isa = PBXFileReference; lastKnownFileType = text.plist.entitlements; path = macOSDemo.entitlements; sourceTree = "<group>"; };
		F7D58D62277CA086001E3FFF /* NSWindow.app */ = {isa = PBXFileReference; explicitFileType = wrapper.application; includeInIndex = 0; path = NSWindow.app; sourceTree = BUILT_PRODUCTS_DIR; };
		F7D58D64277CA086001E3FFF /* AppDelegate.swift */ = {isa = PBXFileReference; lastKnownFileType = sourcecode.swift; path = AppDelegate.swift; sourceTree = "<group>"; };
		F7D58D66277CA086001E3FFF /* ViewController.swift */ = {isa = PBXFileReference; lastKnownFileType = sourcecode.swift; path = ViewController.swift; sourceTree = "<group>"; };
		F7D58D68277CA088001E3FFF /* Assets.xcassets */ = {isa = PBXFileReference; lastKnownFileType = folder.assetcatalog; path = Assets.xcassets; sourceTree = "<group>"; };
		F7D58D6B277CA088001E3FFF /* Base */ = {isa = PBXFileReference; lastKnownFileType = file.storyboard; name = Base; path = Base.lproj/Main.storyboard; sourceTree = "<group>"; };
		F7D58D6D277CA088001E3FFF /* NSWindow.entitlements */ = {isa = PBXFileReference; lastKnownFileType = text.plist.entitlements; path = NSWindow.entitlements; sourceTree = "<group>"; };
		F7ED6A89278187ED008A3345 /* FlippedView.app */ = {isa = PBXFileReference; explicitFileType = wrapper.application; includeInIndex = 0; path = FlippedView.app; sourceTree = BUILT_PRODUCTS_DIR; };
		F7ED6A8B278187ED008A3345 /* AppDelegate.swift */ = {isa = PBXFileReference; lastKnownFileType = sourcecode.swift; path = AppDelegate.swift; sourceTree = "<group>"; };
		F7ED6A8D278187ED008A3345 /* ViewController.swift */ = {isa = PBXFileReference; lastKnownFileType = sourcecode.swift; path = ViewController.swift; sourceTree = "<group>"; };
		F7ED6A8F278187EE008A3345 /* Assets.xcassets */ = {isa = PBXFileReference; lastKnownFileType = folder.assetcatalog; path = Assets.xcassets; sourceTree = "<group>"; };
		F7ED6A92278187EE008A3345 /* Base */ = {isa = PBXFileReference; lastKnownFileType = file.storyboard; name = Base; path = Base.lproj/Main.storyboard; sourceTree = "<group>"; };
		F7ED6A94278187EE008A3345 /* FlippedView.entitlements */ = {isa = PBXFileReference; lastKnownFileType = text.plist.entitlements; path = FlippedView.entitlements; sourceTree = "<group>"; };
		F7ED6A98278187FE008A3345 /* FlippedView.swift */ = {isa = PBXFileReference; lastKnownFileType = sourcecode.swift; path = FlippedView.swift; sourceTree = "<group>"; };
/* End PBXFileReference section */

/* Begin PBXFrameworksBuildPhase section */
		F7D58D49277B3A59001E3FFF /* Frameworks */ = {
			isa = PBXFrameworksBuildPhase;
			buildActionMask = 2147483647;
			files = (
			);
			runOnlyForDeploymentPostprocessing = 0;
		};
		F7D58D5F277CA086001E3FFF /* Frameworks */ = {
			isa = PBXFrameworksBuildPhase;
			buildActionMask = 2147483647;
			files = (
			);
			runOnlyForDeploymentPostprocessing = 0;
		};
		F7ED6A86278187ED008A3345 /* Frameworks */ = {
			isa = PBXFrameworksBuildPhase;
			buildActionMask = 2147483647;
			files = (
			);
			runOnlyForDeploymentPostprocessing = 0;
		};
/* End PBXFrameworksBuildPhase section */

/* Begin PBXGroup section */
		F7D58D43277B3A59001E3FFF = {
			isa = PBXGroup;
			children = (
				F7D58D4E277B3A59001E3FFF /* macOSDemo */,
				F7D58D63277CA086001E3FFF /* NSWindow */,
				F7ED6A8A278187ED008A3345 /* FlippedView */,
				F7D58D4D277B3A59001E3FFF /* Products */,
			);
			sourceTree = "<group>";
		};
		F7D58D4D277B3A59001E3FFF /* Products */ = {
			isa = PBXGroup;
			children = (
				F7D58D4C277B3A59001E3FFF /* macOSDemo.app */,
				F7D58D62277CA086001E3FFF /* NSWindow.app */,
				F7ED6A89278187ED008A3345 /* FlippedView.app */,
			);
			name = Products;
			sourceTree = "<group>";
		};
		F7D58D4E277B3A59001E3FFF /* macOSDemo */ = {
			isa = PBXGroup;
			children = (
				F7D58D4F277B3A59001E3FFF /* AppDelegate.swift */,
				F7D58D51277B3A59001E3FFF /* ViewController.swift */,
				F7D58D53277B3A5C001E3FFF /* Assets.xcassets */,
				F7D58D55277B3A5C001E3FFF /* Main.storyboard */,
				F7D58D58277B3A5C001E3FFF /* macOSDemo.entitlements */,
			);
			path = macOSDemo;
			sourceTree = "<group>";
		};
		F7D58D63277CA086001E3FFF /* NSWindow */ = {
			isa = PBXGroup;
			children = (
				F7D58D64277CA086001E3FFF /* AppDelegate.swift */,
				F7D58D66277CA086001E3FFF /* ViewController.swift */,
				F7D58D68277CA088001E3FFF /* Assets.xcassets */,
				F7D58D6A277CA088001E3FFF /* Main.storyboard */,
				F7D58D6D277CA088001E3FFF /* NSWindow.entitlements */,
			);
			path = NSWindow;
			sourceTree = "<group>";
		};
		F7ED6A8A278187ED008A3345 /* FlippedView */ = {
			isa = PBXGroup;
			children = (
				F7ED6A8B278187ED008A3345 /* AppDelegate.swift */,
				F7ED6A8D278187ED008A3345 /* ViewController.swift */,
				F7ED6A98278187FE008A3345 /* FlippedView.swift */,
				F7ED6A8F278187EE008A3345 /* Assets.xcassets */,
				F7ED6A91278187EE008A3345 /* Main.storyboard */,
				F7ED6A94278187EE008A3345 /* FlippedView.entitlements */,
			);
			path = FlippedView;
			sourceTree = "<group>";
		};
/* End PBXGroup section */

/* Begin PBXNativeTarget section */
		F7D58D4B277B3A59001E3FFF /* macOSDemo */ = {
			isa = PBXNativeTarget;
			buildConfigurationList = F7D58D5B277B3A5C001E3FFF /* Build configuration list for PBXNativeTarget "macOSDemo" */;
			buildPhases = (
				F7D58D48277B3A59001E3FFF /* Sources */,
				F7D58D49277B3A59001E3FFF /* Frameworks */,
				F7D58D4A277B3A59001E3FFF /* Resources */,
			);
			buildRules = (
			);
			dependencies = (
			);
			name = macOSDemo;
			productName = macOSDemo;
			productReference = F7D58D4C277B3A59001E3FFF /* macOSDemo.app */;
			productType = "com.apple.product-type.application";
		};
		F7D58D61277CA086001E3FFF /* NSWindow */ = {
			isa = PBXNativeTarget;
			buildConfigurationList = F7D58D6E277CA088001E3FFF /* Build configuration list for PBXNativeTarget "NSWindow" */;
			buildPhases = (
				F7D58D5E277CA086001E3FFF /* Sources */,
				F7D58D5F277CA086001E3FFF /* Frameworks */,
				F7D58D60277CA086001E3FFF /* Resources */,
			);
			buildRules = (
			);
			dependencies = (
			);
			name = NSWindow;
			productName = NSWindow;
			productReference = F7D58D62277CA086001E3FFF /* NSWindow.app */;
			productType = "com.apple.product-type.application";
		};
		F7ED6A88278187ED008A3345 /* FlippedView */ = {
			isa = PBXNativeTarget;
			buildConfigurationList = F7ED6A97278187EE008A3345 /* Build configuration list for PBXNativeTarget "FlippedView" */;
			buildPhases = (
				F7ED6A85278187ED008A3345 /* Sources */,
				F7ED6A86278187ED008A3345 /* Frameworks */,
				F7ED6A87278187ED008A3345 /* Resources */,
			);
			buildRules = (
			);
			dependencies = (
			);
			name = FlippedView;
			productName = FlippedView;
			productReference = F7ED6A89278187ED008A3345 /* FlippedView.app */;
			productType = "com.apple.product-type.application";
		};
/* End PBXNativeTarget section */

/* Begin PBXProject section */
		F7D58D44277B3A59001E3FFF /* Project object */ = {
			isa = PBXProject;
			attributes = {
				BuildIndependentTargetsInParallel = 1;
				LastSwiftUpdateCheck = 1320;
				LastUpgradeCheck = 1320;
				TargetAttributes = {
					F7D58D4B277B3A59001E3FFF = {
						CreatedOnToolsVersion = 13.2.1;
					};
					F7D58D61277CA086001E3FFF = {
						CreatedOnToolsVersion = 13.2.1;
					};
					F7ED6A88278187ED008A3345 = {
						CreatedOnToolsVersion = 13.2.1;
					};
				};
			};
			buildConfigurationList = F7D58D47277B3A59001E3FFF /* Build configuration list for PBXProject "macOSDemo" */;
			compatibilityVersion = "Xcode 13.0";
			developmentRegion = en;
			hasScannedForEncodings = 0;
			knownRegions = (
				en,
				Base,
			);
			mainGroup = F7D58D43277B3A59001E3FFF;
			productRefGroup = F7D58D4D277B3A59001E3FFF /* Products */;
			projectDirPath = "";
			projectRoot = "";
			targets = (
				F7D58D4B277B3A59001E3FFF /* macOSDemo */,
				F7D58D61277CA086001E3FFF /* NSWindow */,
				F7ED6A88278187ED008A3345 /* FlippedView */,
			);
		};
/* End PBXProject section */

/* Begin PBXResourcesBuildPhase section */
		F7D58D4A277B3A59001E3FFF /* Resources */ = {
			isa = PBXResourcesBuildPhase;
			buildActionMask = 2147483647;
			files = (
				F7D58D54277B3A5C001E3FFF /* Assets.xcassets in Resources */,
				F7D58D57277B3A5C001E3FFF /* Main.storyboard in Resources */,
			);
			runOnlyForDeploymentPostprocessing = 0;
		};
		F7D58D60277CA086001E3FFF /* Resources */ = {
			isa = PBXResourcesBuildPhase;
			buildActionMask = 2147483647;
			files = (
				F7D58D69277CA088001E3FFF /* Assets.xcassets in Resources */,
				F7D58D6C277CA088001E3FFF /* Main.storyboard in Resources */,
			);
			runOnlyForDeploymentPostprocessing = 0;
		};
		F7ED6A87278187ED008A3345 /* Resources */ = {
			isa = PBXResourcesBuildPhase;
			buildActionMask = 2147483647;
			files = (
				F7ED6A90278187EE008A3345 /* Assets.xcassets in Resources */,
				F7ED6A93278187EE008A3345 /* Main.storyboard in Resources */,
			);
			runOnlyForDeploymentPostprocessing = 0;
		};
/* End PBXResourcesBuildPhase section */

/* Begin PBXSourcesBuildPhase section */
		F7D58D48277B3A59001E3FFF /* Sources */ = {
			isa = PBXSourcesBuildPhase;
			buildActionMask = 2147483647;
			files = (
				F7D58D52277B3A59001E3FFF /* ViewController.swift in Sources */,
				F7D58D50277B3A59001E3FFF /* AppDelegate.swift in Sources */,
			);
			runOnlyForDeploymentPostprocessing = 0;
		};
		F7D58D5E277CA086001E3FFF /* Sources */ = {
			isa = PBXSourcesBuildPhase;
			buildActionMask = 2147483647;
			files = (
				F7D58D67277CA086001E3FFF /* ViewController.swift in Sources */,
				F7D58D65277CA086001E3FFF /* AppDelegate.swift in Sources */,
			);
			runOnlyForDeploymentPostprocessing = 0;
		};
		F7ED6A85278187ED008A3345 /* Sources */ = {
			isa = PBXSourcesBuildPhase;
			buildActionMask = 2147483647;
			files = (
				F7ED6A99278187FE008A3345 /* FlippedView.swift in Sources */,
				F7ED6A8E278187ED008A3345 /* ViewController.swift in Sources */,
				F7ED6A8C278187ED008A3345 /* AppDelegate.swift in Sources */,
			);
			runOnlyForDeploymentPostprocessing = 0;
		};
/* End PBXSourcesBuildPhase section */

/* Begin PBXVariantGroup section */
		F7D58D55277B3A5C001E3FFF /* Main.storyboard */ = {
			isa = PBXVariantGroup;
			children = (
				F7D58D56277B3A5C001E3FFF /* Base */,
			);
			name = Main.storyboard;
			sourceTree = "<group>";
		};
		F7D58D6A277CA088001E3FFF /* Main.storyboard */ = {
			isa = PBXVariantGroup;
			children = (
				F7D58D6B277CA088001E3FFF /* Base */,
			);
			name = Main.storyboard;
			sourceTree = "<group>";
		};
		F7ED6A91278187EE008A3345 /* Main.storyboard */ = {
			isa = PBXVariantGroup;
			children = (
				F7ED6A92278187EE008A3345 /* Base */,
			);
			name = Main.storyboard;
			sourceTree = "<group>";
		};
/* End PBXVariantGroup section */

/* Begin XCBuildConfiguration section */
		F7D58D59277B3A5C001E3FFF /* Debug */ = {
			isa = XCBuildConfiguration;
			buildSettings = {
				ALWAYS_SEARCH_USER_PATHS = NO;
				CLANG_ANALYZER_NONNULL = YES;
				CLANG_ANALYZER_NUMBER_OBJECT_CONVERSION = YES_AGGRESSIVE;
				CLANG_CXX_LANGUAGE_STANDARD = "gnu++17";
				CLANG_CXX_LIBRARY = "libc++";
				CLANG_ENABLE_MODULES = YES;
				CLANG_ENABLE_OBJC_ARC = YES;
				CLANG_ENABLE_OBJC_WEAK = YES;
				CLANG_WARN_BLOCK_CAPTURE_AUTORELEASING = YES;
				CLANG_WARN_BOOL_CONVERSION = YES;
				CLANG_WARN_COMMA = YES;
				CLANG_WARN_CONSTANT_CONVERSION = YES;
				CLANG_WARN_DEPRECATED_OBJC_IMPLEMENTATIONS = YES;
				CLANG_WARN_DIRECT_OBJC_ISA_USAGE = YES_ERROR;
				CLANG_WARN_DOCUMENTATION_COMMENTS = YES;
				CLANG_WARN_EMPTY_BODY = YES;
				CLANG_WARN_ENUM_CONVERSION = YES;
				CLANG_WARN_INFINITE_RECURSION = YES;
				CLANG_WARN_INT_CONVERSION = YES;
				CLANG_WARN_NON_LITERAL_NULL_CONVERSION = YES;
				CLANG_WARN_OBJC_IMPLICIT_RETAIN_SELF = YES;
				CLANG_WARN_OBJC_LITERAL_CONVERSION = YES;
				CLANG_WARN_OBJC_ROOT_CLASS = YES_ERROR;
				CLANG_WARN_QUOTED_INCLUDE_IN_FRAMEWORK_HEADER = YES;
				CLANG_WARN_RANGE_LOOP_ANALYSIS = YES;
				CLANG_WARN_STRICT_PROTOTYPES = YES;
				CLANG_WARN_SUSPICIOUS_MOVE = YES;
				CLANG_WARN_UNGUARDED_AVAILABILITY = YES_AGGRESSIVE;
				CLANG_WARN_UNREACHABLE_CODE = YES;
				CLANG_WARN__DUPLICATE_METHOD_MATCH = YES;
				COPY_PHASE_STRIP = NO;
				DEBUG_INFORMATION_FORMAT = dwarf;
				ENABLE_STRICT_OBJC_MSGSEND = YES;
				ENABLE_TESTABILITY = YES;
				GCC_C_LANGUAGE_STANDARD = gnu11;
				GCC_DYNAMIC_NO_PIC = NO;
				GCC_NO_COMMON_BLOCKS = YES;
				GCC_OPTIMIZATION_LEVEL = 0;
				GCC_PREPROCESSOR_DEFINITIONS = (
					"DEBUG=1",
					"$(inherited)",
				);
				GCC_WARN_64_TO_32_BIT_CONVERSION = YES;
				GCC_WARN_ABOUT_RETURN_TYPE = YES_ERROR;
				GCC_WARN_UNDECLARED_SELECTOR = YES;
				GCC_WARN_UNINITIALIZED_AUTOS = YES_AGGRESSIVE;
				GCC_WARN_UNUSED_FUNCTION = YES;
				GCC_WARN_UNUSED_VARIABLE = YES;
				MACOSX_DEPLOYMENT_TARGET = 12.1;
				MTL_ENABLE_DEBUG_INFO = INCLUDE_SOURCE;
				MTL_FAST_MATH = YES;
				ONLY_ACTIVE_ARCH = YES;
				SDKROOT = macosx;
				SWIFT_ACTIVE_COMPILATION_CONDITIONS = DEBUG;
				SWIFT_OPTIMIZATION_LEVEL = "-Onone";
			};
			name = Debug;
		};
		F7D58D5A277B3A5C001E3FFF /* Release */ = {
			isa = XCBuildConfiguration;
			buildSettings = {
				ALWAYS_SEARCH_USER_PATHS = NO;
				CLANG_ANALYZER_NONNULL = YES;
				CLANG_ANALYZER_NUMBER_OBJECT_CONVERSION = YES_AGGRESSIVE;
				CLANG_CXX_LANGUAGE_STANDARD = "gnu++17";
				CLANG_CXX_LIBRARY = "libc++";
				CLANG_ENABLE_MODULES = YES;
				CLANG_ENABLE_OBJC_ARC = YES;
				CLANG_ENABLE_OBJC_WEAK = YES;
				CLANG_WARN_BLOCK_CAPTURE_AUTORELEASING = YES;
				CLANG_WARN_BOOL_CONVERSION = YES;
				CLANG_WARN_COMMA = YES;
				CLANG_WARN_CONSTANT_CONVERSION = YES;
				CLANG_WARN_DEPRECATED_OBJC_IMPLEMENTATIONS = YES;
				CLANG_WARN_DIRECT_OBJC_ISA_USAGE = YES_ERROR;
				CLANG_WARN_DOCUMENTATION_COMMENTS = YES;
				CLANG_WARN_EMPTY_BODY = YES;
				CLANG_WARN_ENUM_CONVERSION = YES;
				CLANG_WARN_INFINITE_RECURSION = YES;
				CLANG_WARN_INT_CONVERSION = YES;
				CLANG_WARN_NON_LITERAL_NULL_CONVERSION = YES;
				CLANG_WARN_OBJC_IMPLICIT_RETAIN_SELF = YES;
				CLANG_WARN_OBJC_LITERAL_CONVERSION = YES;
				CLANG_WARN_OBJC_ROOT_CLASS = YES_ERROR;
				CLANG_WARN_QUOTED_INCLUDE_IN_FRAMEWORK_HEADER = YES;
				CLANG_WARN_RANGE_LOOP_ANALYSIS = YES;
				CLANG_WARN_STRICT_PROTOTYPES = YES;
				CLANG_WARN_SUSPICIOUS_MOVE = YES;
				CLANG_WARN_UNGUARDED_AVAILABILITY = YES_AGGRESSIVE;
				CLANG_WARN_UNREACHABLE_CODE = YES;
				CLANG_WARN__DUPLICATE_METHOD_MATCH = YES;
				COPY_PHASE_STRIP = NO;
				DEBUG_INFORMATION_FORMAT = "dwarf-with-dsym";
				ENABLE_NS_ASSERTIONS = NO;
				ENABLE_STRICT_OBJC_MSGSEND = YES;
				GCC_C_LANGUAGE_STANDARD = gnu11;
				GCC_NO_COMMON_BLOCKS = YES;
				GCC_WARN_64_TO_32_BIT_CONVERSION = YES;
				GCC_WARN_ABOUT_RETURN_TYPE = YES_ERROR;
				GCC_WARN_UNDECLARED_SELECTOR = YES;
				GCC_WARN_UNINITIALIZED_AUTOS = YES_AGGRESSIVE;
				GCC_WARN_UNUSED_FUNCTION = YES;
				GCC_WARN_UNUSED_VARIABLE = YES;
				MACOSX_DEPLOYMENT_TARGET = 12.1;
				MTL_ENABLE_DEBUG_INFO = NO;
				MTL_FAST_MATH = YES;
				SDKROOT = macosx;
				SWIFT_COMPILATION_MODE = wholemodule;
				SWIFT_OPTIMIZATION_LEVEL = "-O";
			};
			name = Release;
		};
		F7D58D5C277B3A5C001E3FFF /* Debug */ = {
			isa = XCBuildConfiguration;
			buildSettings = {
				ASSETCATALOG_COMPILER_APPICON_NAME = AppIcon;
				ASSETCATALOG_COMPILER_GLOBAL_ACCENT_COLOR_NAME = AccentColor;
				CODE_SIGN_ENTITLEMENTS = macOSDemo/macOSDemo.entitlements;
				CODE_SIGN_STYLE = Automatic;
				COMBINE_HIDPI_IMAGES = YES;
				CURRENT_PROJECT_VERSION = 1;
				DEVELOPMENT_TEAM = KS5QTFAS57;
				GENERATE_INFOPLIST_FILE = YES;
				INFOPLIST_KEY_NSHumanReadableCopyright = "";
				INFOPLIST_KEY_NSMainStoryboardFile = Main;
				INFOPLIST_KEY_NSPrincipalClass = NSApplication;
				LD_RUNPATH_SEARCH_PATHS = (
					"$(inherited)",
					"@executable_path/../Frameworks",
				);
				MARKETING_VERSION = 1.0;
				PRODUCT_BUNDLE_IDENTIFIER = cn.shenyj.macos.demo.macOSDemo;
				PRODUCT_NAME = "$(TARGET_NAME)";
				SWIFT_EMIT_LOC_STRINGS = YES;
				SWIFT_VERSION = 5.0;
			};
			name = Debug;
		};
		F7D58D5D277B3A5C001E3FFF /* Release */ = {
			isa = XCBuildConfiguration;
			buildSettings = {
				ASSETCATALOG_COMPILER_APPICON_NAME = AppIcon;
				ASSETCATALOG_COMPILER_GLOBAL_ACCENT_COLOR_NAME = AccentColor;
				CODE_SIGN_ENTITLEMENTS = macOSDemo/macOSDemo.entitlements;
				CODE_SIGN_STYLE = Automatic;
				COMBINE_HIDPI_IMAGES = YES;
				CURRENT_PROJECT_VERSION = 1;
				DEVELOPMENT_TEAM = KS5QTFAS57;
				GENERATE_INFOPLIST_FILE = YES;
				INFOPLIST_KEY_NSHumanReadableCopyright = "";
				INFOPLIST_KEY_NSMainStoryboardFile = Main;
				INFOPLIST_KEY_NSPrincipalClass = NSApplication;
				LD_RUNPATH_SEARCH_PATHS = (
					"$(inherited)",
					"@executable_path/../Frameworks",
				);
				MARKETING_VERSION = 1.0;
				PRODUCT_BUNDLE_IDENTIFIER = cn.shenyj.macos.demo.macOSDemo;
				PRODUCT_NAME = "$(TARGET_NAME)";
				SWIFT_EMIT_LOC_STRINGS = YES;
				SWIFT_VERSION = 5.0;
			};
			name = Release;
		};
		F7D58D6F277CA088001E3FFF /* Debug */ = {
			isa = XCBuildConfiguration;
			buildSettings = {
				ASSETCATALOG_COMPILER_APPICON_NAME = AppIcon;
				ASSETCATALOG_COMPILER_GLOBAL_ACCENT_COLOR_NAME = AccentColor;
				CODE_SIGN_ENTITLEMENTS = NSWindow/NSWindow.entitlements;
				CODE_SIGN_STYLE = Automatic;
				COMBINE_HIDPI_IMAGES = YES;
				CURRENT_PROJECT_VERSION = 1;
				DEVELOPMENT_TEAM = KS5QTFAS57;
				ENABLE_HARDENED_RUNTIME = YES;
				GENERATE_INFOPLIST_FILE = YES;
				INFOPLIST_KEY_NSHumanReadableCopyright = "";
				INFOPLIST_KEY_NSMainStoryboardFile = Main;
				INFOPLIST_KEY_NSPrincipalClass = NSApplication;
				LD_RUNPATH_SEARCH_PATHS = (
					"$(inherited)",
					"@executable_path/../Frameworks",
				);
				MARKETING_VERSION = 1.0;
				PRODUCT_BUNDLE_IDENTIFIER = cn.shenyj.macos.demo.nswindow.NSWindow;
				PRODUCT_NAME = "$(TARGET_NAME)";
				SWIFT_EMIT_LOC_STRINGS = YES;
				SWIFT_VERSION = 5.0;
			};
			name = Debug;
		};
		F7D58D70277CA088001E3FFF /* Release */ = {
			isa = XCBuildConfiguration;
			buildSettings = {
				ASSETCATALOG_COMPILER_APPICON_NAME = AppIcon;
				ASSETCATALOG_COMPILER_GLOBAL_ACCENT_COLOR_NAME = AccentColor;
				CODE_SIGN_ENTITLEMENTS = NSWindow/NSWindow.entitlements;
				CODE_SIGN_STYLE = Automatic;
				COMBINE_HIDPI_IMAGES = YES;
				CURRENT_PROJECT_VERSION = 1;
				DEVELOPMENT_TEAM = KS5QTFAS57;
				ENABLE_HARDENED_RUNTIME = YES;
				GENERATE_INFOPLIST_FILE = YES;
				INFOPLIST_KEY_NSHumanReadableCopyright = "";
				INFOPLIST_KEY_NSMainStoryboardFile = Main;
				INFOPLIST_KEY_NSPrincipalClass = NSApplication;
				LD_RUNPATH_SEARCH_PATHS = (
					"$(inherited)",
					"@executable_path/../Frameworks",
				);
				MARKETING_VERSION = 1.0;
				PRODUCT_BUNDLE_IDENTIFIER = cn.shenyj.macos.demo.nswindow.NSWindow;
				PRODUCT_NAME = "$(TARGET_NAME)";
				SWIFT_EMIT_LOC_STRINGS = YES;
				SWIFT_VERSION = 5.0;
			};
			name = Release;
		};
		F7ED6A95278187EE008A3345 /* Debug */ = {
			isa = XCBuildConfiguration;
			buildSettings = {
				ASSETCATALOG_COMPILER_APPICON_NAME = AppIcon;
				ASSETCATALOG_COMPILER_GLOBAL_ACCENT_COLOR_NAME = AccentColor;
				CODE_SIGN_ENTITLEMENTS = FlippedView/FlippedView.entitlements;
				CODE_SIGN_STYLE = Automatic;
				COMBINE_HIDPI_IMAGES = YES;
				CURRENT_PROJECT_VERSION = 1;
				DEVELOPMENT_TEAM = KS5QTFAS57;
				ENABLE_HARDENED_RUNTIME = YES;
				GENERATE_INFOPLIST_FILE = YES;
				INFOPLIST_KEY_NSHumanReadableCopyright = "";
				INFOPLIST_KEY_NSMainStoryboardFile = Main;
				INFOPLIST_KEY_NSPrincipalClass = NSApplication;
				LD_RUNPATH_SEARCH_PATHS = (
					"$(inherited)",
					"@executable_path/../Frameworks",
				);
				MARKETING_VERSION = 1.0;
				PRODUCT_BUNDLE_IDENTIFIER = cn.shenyj.macos.demo.nswindow.FlippedView;
				PRODUCT_NAME = "$(TARGET_NAME)";
				SWIFT_EMIT_LOC_STRINGS = YES;
				SWIFT_VERSION = 5.0;
			};
			name = Debug;
		};
		F7ED6A96278187EE008A3345 /* Release */ = {
			isa = XCBuildConfiguration;
			buildSettings = {
				ASSETCATALOG_COMPILER_APPICON_NAME = AppIcon;
				ASSETCATALOG_COMPILER_GLOBAL_ACCENT_COLOR_NAME = AccentColor;
				CODE_SIGN_ENTITLEMENTS = FlippedView/FlippedView.entitlements;
				CODE_SIGN_STYLE = Automatic;
				COMBINE_HIDPI_IMAGES = YES;
				CURRENT_PROJECT_VERSION = 1;
				DEVELOPMENT_TEAM = KS5QTFAS57;
				ENABLE_HARDENED_RUNTIME = YES;
				GENERATE_INFOPLIST_FILE = YES;
				INFOPLIST_KEY_NSHumanReadableCopyright = "";
				INFOPLIST_KEY_NSMainStoryboardFile = Main;
				INFOPLIST_KEY_NSPrincipalClass = NSApplication;
				LD_RUNPATH_SEARCH_PATHS = (
					"$(inherited)",
					"@executable_path/../Frameworks",
				);
				MARKETING_VERSION = 1.0;
				PRODUCT_BUNDLE_IDENTIFIER = cn.shenyj.macos.demo.nswindow.FlippedView;
				PRODUCT_NAME = "$(TARGET_NAME)";
				SWIFT_EMIT_LOC_STRINGS = YES;
				SWIFT_VERSION = 5.0;
			};
			name = Release;
		};
/* End XCBuildConfiguration section */

/* Begin XCConfigurationList section */
		F7D58D47277B3A59001E3FFF /* Build configuration list for PBXProject "macOSDemo" */ = {
			isa = XCConfigurationList;
			buildConfigurations = (
				F7D58D59277B3A5C001E3FFF /* Debug */,
				F7D58D5A277B3A5C001E3FFF /* Release */,
			);
			defaultConfigurationIsVisible = 0;
			defaultConfigurationName = Release;
		};
		F7D58D5B277B3A5C001E3FFF /* Build configuration list for PBXNativeTarget "macOSDemo" */ = {
			isa = XCConfigurationList;
			buildConfigurations = (
				F7D58D5C277B3A5C001E3FFF /* Debug */,
				F7D58D5D277B3A5C001E3FFF /* Release */,
			);
			defaultConfigurationIsVisible = 0;
			defaultConfigurationName = Release;
		};
		F7D58D6E277CA088001E3FFF /* Build configuration list for PBXNativeTarget "NSWindow" */ = {
			isa = XCConfigurationList;
			buildConfigurations = (
				F7D58D6F277CA088001E3FFF /* Debug */,
				F7D58D70277CA088001E3FFF /* Release */,
			);
			defaultConfigurationIsVisible = 0;
			defaultConfigurationName = Release;
		};
		F7ED6A97278187EE008A3345 /* Build configuration list for PBXNativeTarget "FlippedView" */ = {
			isa = XCConfigurationList;
			buildConfigurations = (
				F7ED6A95278187EE008A3345 /* Debug */,
				F7ED6A96278187EE008A3345 /* Release */,
			);
			defaultConfigurationIsVisible = 0;
			defaultConfigurationName = Release;
		};
/* End XCConfigurationList section */
	};
	rootObject = F7D58D44277B3A59001E3FFF /* Project object */;
}
